
Microsoft Visual Studio Solution File, Format Version 12.00
# Visual Studio Version 17
VisualStudioVersion = 17.3.32819.101
MinimumVisualStudioVersion = 10.0.40219.1
Project("{FAE04EC0-301F-11D3-BF4B-00C04F79EFBC}") = "HPlusSportAPI", "HPlusSportAPI\HPlusSportAPI.csproj", "{13727BB5-B759-4069-B7F7-ED82C9278985}"
EndProject
Global
	GlobalSection(SolutionConfigurationPlatforms) = preSolution
		Debug|Any CPU = Debug|Any CPU
		Release|Any CPU = Release|Any CPU
	EndGlobalSection
	GlobalSection(ProjectConfigurationPlatforms) = postSolution
		{13727BB5-B759-4069-B7F7-ED82C9278985}.Debug|Any CPU.ActiveCfg = Debug|Any CPU
		{13727BB5-B759-4069-B7F7-ED82C9278985}.Debug|Any CPU.Build.0 = Debug|Any CPU
		{13727BB5-B759-4069-B7F7-ED82C9278985}.Release|Any CPU.ActiveCfg = Release|Any CPU
		{13727BB5-B759-4069-B7F7-ED82C9278985}.Release|Any CPU.Build.0 = Release|Any CPU
	EndGlobalSection
	GlobalSection(SolutionProperties) = preSolution
		HideSolutionNode = FALSE
	EndGlobalSection
	GlobalSection(ExtensibilityGlobals) = postSolution
		SolutionGuid = {64E4B8E6-400F-46AD-9CA6-399E7589372D}
	EndGlobalSection
EndGlobal
